
Microsoft Visual Studio Solution File, Format Version 12.00
# Visual Studio Version 16
VisualStudioVersion = 16.0.29519.181
MinimumVisualStudioVersion = 10.0.40219.1
Project("{FAE04EC0-301F-11D3-BF4B-00C04F79EFBC}") = "bowling-game-kata", "bowling-game-kata.csproj", "{8C11CB01-13A4-4CDD-A389-9FFFDEE20F91}"
EndProject
Project("{FAE04EC0-301F-11D3-BF4B-00C04F79EFBC}") = "bowling-game-kata-test", "..\bowling-game-kata-test\bowling-game-kata-test.csproj", "{7C969123-01CE-4FAF-90D3-C967F7D9DAED}"
EndProject
Global
	GlobalSection(SolutionConfigurationPlatforms) = preSolution
		Debug|Any CPU = Debug|Any CPU
		Release|Any CPU = Release|Any CPU
	EndGlobalSection
	GlobalSection(ProjectConfigurationPlatforms) = postSolution
		{8C11CB01-13A4-4CDD-A389-9FFFDEE20F91}.Debug|Any CPU.ActiveCfg = Debug|Any CPU
		{8C11CB01-13A4-4CDD-A389-9FFFDEE20F91}.Debug|Any CPU.Build.0 = Debug|Any CPU
		{8C11CB01-13A4-4CDD-A389-9FFFDEE20F91}.Release|Any CPU.ActiveCfg = Release|Any CPU
		{8C11CB01-13A4-4CDD-A389-9FFFDEE20F91}.Release|Any CPU.Build.0 = Release|Any CPU
		{7C969123-01CE-4FAF-90D3-C967F7D9DAED}.Debug|Any CPU.ActiveCfg = Debug|Any CPU
		{7C969123-01CE-4FAF-90D3-C967F7D9DAED}.Debug|Any CPU.Build.0 = Debug|Any CPU
		{7C969123-01CE-4FAF-90D3-C967F7D9DAED}.Release|Any CPU.ActiveCfg = Release|Any CPU
		{7C969123-01CE-4FAF-90D3-C967F7D9DAED}.Release|Any CPU.Build.0 = Release|Any CPU
	EndGlobalSection
	GlobalSection(SolutionProperties) = preSolution
		HideSolutionNode = FALSE
	EndGlobalSection
	GlobalSection(ExtensibilityGlobals) = postSolution
		SolutionGuid = {2B555537-C83F-4EBB-9BE2-DD1DC270A996}
	EndGlobalSection
EndGlobal
